
Microsoft Visual Studio Solution File, Format Version 12.00
# Visual Studio Version 16
VisualStudioVersion = 16.0.31702.278
MinimumVisualStudioVersion = 10.0.40219.1
Project("{9A19103F-16F7-4668-BE54-9A1E7A4F7556}") = "University.Api", "UniversityApi\University.Api.csproj", "{7D7A5BEC-5530-4E97-A735-DB6FA9012351}"
	ProjectSection(ProjectDependencies) = postProject
		{8321CDCA-64E1-4DAB-83B6-E43142B89423} = {8321CDCA-64E1-4DAB-83B6-E43142B89423}
	EndProjectSection
EndProject
Project("{9A19103F-16F7-4668-BE54-9A1E7A4F7556}") = "University.BL", "University.BL\University.BL.csproj", "{8321CDCA-64E1-4DAB-83B6-E43142B89423}"
EndProject
Project("{9A19103F-16F7-4668-BE54-9A1E7A4F7556}") = "University.Web", "University.Web\University.Web.csproj", "{BD16498D-CD72-49BD-90C9-6DFFB5FC1D7C}"
EndProject
Project("{FAE04EC0-301F-11D3-BF4B-00C04F79EFBC}") = "University.Function", "University.Function\University.Function.csproj", "{CA1D1067-1605-4535-BC72-275DB0BF4F28}"
EndProject
Global
	GlobalSection(SolutionConfigurationPlatforms) = preSolution
		Debug|Any CPU = Debug|Any CPU
		Release|Any CPU = Release|Any CPU
	EndGlobalSection
	GlobalSection(ProjectConfigurationPlatforms) = postSolution
		{7D7A5BEC-5530-4E97-A735-DB6FA9012351}.Debug|Any CPU.ActiveCfg = Debug|Any CPU
		{7D7A5BEC-5530-4E97-A735-DB6FA9012351}.Debug|Any CPU.Build.0 = Debug|Any CPU
		{7D7A5BEC-5530-4E97-A735-DB6FA9012351}.Release|Any CPU.ActiveCfg = Release|Any CPU
		{7D7A5BEC-5530-4E97-A735-DB6FA9012351}.Release|Any CPU.Build.0 = Release|Any CPU
		{8321CDCA-64E1-4DAB-83B6-E43142B89423}.Debug|Any CPU.ActiveCfg = Debug|Any CPU
		{8321CDCA-64E1-4DAB-83B6-E43142B89423}.Debug|Any CPU.Build.0 = Debug|Any CPU
		{8321CDCA-64E1-4DAB-83B6-E43142B89423}.Release|Any CPU.ActiveCfg = Release|Any CPU
		{8321CDCA-64E1-4DAB-83B6-E43142B89423}.Release|Any CPU.Build.0 = Release|Any CPU
		{BD16498D-CD72-49BD-90C9-6DFFB5FC1D7C}.Debug|Any CPU.ActiveCfg = Debug|Any CPU
		{BD16498D-CD72-49BD-90C9-6DFFB5FC1D7C}.Debug|Any CPU.Build.0 = Debug|Any CPU
		{BD16498D-CD72-49BD-90C9-6DFFB5FC1D7C}.Release|Any CPU.ActiveCfg = Release|Any CPU
		{BD16498D-CD72-49BD-90C9-6DFFB5FC1D7C}.Release|Any CPU.Build.0 = Release|Any CPU
		{CA1D1067-1605-4535-BC72-275DB0BF4F28}.Debug|Any CPU.ActiveCfg = Debug|Any CPU
		{CA1D1067-1605-4535-BC72-275DB0BF4F28}.Debug|Any CPU.Build.0 = Debug|Any CPU
		{CA1D1067-1605-4535-BC72-275DB0BF4F28}.Release|Any CPU.ActiveCfg = Release|Any CPU
		{CA1D1067-1605-4535-BC72-275DB0BF4F28}.Release|Any CPU.Build.0 = Release|Any CPU
	EndGlobalSection
	GlobalSection(SolutionProperties) = preSolution
		HideSolutionNode = FALSE
	EndGlobalSection
	GlobalSection(ExtensibilityGlobals) = postSolution
		SolutionGuid = {5FB3B3D9-CEA0-4440-8A40-9B92CB2D3DC0}
	EndGlobalSection
EndGlobal
